// !$*UTF8*$!
{
	archiveVersion = 1;
	classes = {
	};
	objectVersion = 46;
	objects = {

/* Begin PBXBuildFile section */
		05226C9B1BC0DB5B0039B6DE /* CGRectExtensionsOSX.h in Headers */ = {isa = PBXBuildFile; fileRef = 05226C9A1BC0DB5B0039B6DE /* CGRectExtensionsOSX.h */; settings = {ATTRIBUTES = (Public, ); }; };
		05226CA21BC0DB5B0039B6DE /* CGRectExtensionsOSX.framework in Frameworks */ = {isa = PBXBuildFile; fileRef = 05226C971BC0DB5B0039B6DE /* CGRectExtensionsOSX.framework */; };
		05226CA71BC0DB5B0039B6DE /* CGRectExtensionsOSXTests.swift in Sources */ = {isa = PBXBuildFile; fileRef = 05226CA61BC0DB5B0039B6DE /* CGRectExtensionsOSXTests.swift */; };
		05226CDA1BC0DD5C0039B6DE /* Expand.swift in Sources */ = {isa = PBXBuildFile; fileRef = 05226CD91BC0DD5C0039B6DE /* Expand.swift */; };
		05226CDE1BC17C870039B6DE /* NSViewContentMode.swift in Sources */ = {isa = PBXBuildFile; fileRef = 05226CDD1BC17C870039B6DE /* NSViewContentMode.swift */; };
		05226CE51BC17EAE0039B6DE /* ContentMode.swift in Sources */ = {isa = PBXBuildFile; fileRef = 05226CE41BC17EAE0039B6DE /* ContentMode.swift */; };
		05226CE81BC18EE70039B6DE /* Circular.swift in Sources */ = {isa = PBXBuildFile; fileRef = 05226CE71BC18EE70039B6DE /* Circular.swift */; };
		05226CEB1BC192EC0039B6DE /* CGRectUnionForSubviews.swift in Sources */ = {isa = PBXBuildFile; fileRef = 05226CEA1BC192EC0039B6DE /* CGRectUnionForSubviews.swift */; };
		05226CF01BC1A73B0039B6DE /* LayoutSubviews.swift in Sources */ = {isa = PBXBuildFile; fileRef = 05226CEF1BC1A73B0039B6DE /* LayoutSubviews.swift */; };
		05226CF21BC1A78B0039B6DE /* NSViewLayoutForSubviews.swift in Sources */ = {isa = PBXBuildFile; fileRef = 05226CF11BC1A78B0039B6DE /* NSViewLayoutForSubviews.swift */; };
/* End PBXBuildFile section */

/* Begin PBXContainerItemProxy section */
		05226CA31BC0DB5B0039B6DE /* PBXContainerItemProxy */ = {
			isa = PBXContainerItemProxy;
			containerPortal = 05226C8E1BC0DB5B0039B6DE /* Project object */;
			proxyType = 1;
			remoteGlobalIDString = 05226C961BC0DB5B0039B6DE;
			remoteInfo = CGRectExtensionsOSX;
		};
/* End PBXContainerItemProxy section */

/* Begin PBXFileReference section */
		05226C971BC0DB5B0039B6DE /* CGRectExtensionsOSX.framework */ = {isa = PBXFileReference; explicitFileType = wrapper.framework; includeInIndex = 0; path = CGRectExtensionsOSX.framework; sourceTree = BUILT_PRODUCTS_DIR; };
		05226C9A1BC0DB5B0039B6DE /* CGRectExtensionsOSX.h */ = {isa = PBXFileReference; lastKnownFileType = sourcecode.c.h; path = CGRectExtensionsOSX.h; sourceTree = "<group>"; };
		05226C9C1BC0DB5B0039B6DE /* Info.plist */ = {isa = PBXFileReference; lastKnownFileType = text.plist.xml; path = Info.plist; sourceTree = "<group>"; };
		05226CA11BC0DB5B0039B6DE /* CGRectExtensionsOSXTests.xctest */ = {isa = PBXFileReference; explicitFileType = wrapper.cfbundle; includeInIndex = 0; path = CGRectExtensionsOSXTests.xctest; sourceTree = BUILT_PRODUCTS_DIR; };
		05226CA61BC0DB5B0039B6DE /* CGRectExtensionsOSXTests.swift */ = {isa = PBXFileReference; lastKnownFileType = sourcecode.swift; path = CGRectExtensionsOSXTests.swift; sourceTree = "<group>"; };
		05226CA81BC0DB5B0039B6DE /* Info.plist */ = {isa = PBXFileReference; lastKnownFileType = text.plist.xml; path = Info.plist; sourceTree = "<group>"; };
		05226CD91BC0DD5C0039B6DE /* Expand.swift */ = {isa = PBXFileReference; fileEncoding = 4; lastKnownFileType = sourcecode.swift; name = Expand.swift; path = Transformations/Expand.swift; sourceTree = "<group>"; };
		05226CDB1BC17A8F0039B6DE /* FittAndFill.swift */ = {isa = PBXFileReference; fileEncoding = 4; lastKnownFileType = sourcecode.swift; name = FittAndFill.swift; path = Transformations/FittAndFill.swift; sourceTree = "<group>"; };
		05226CDD1BC17C870039B6DE /* NSViewContentMode.swift */ = {isa = PBXFileReference; fileEncoding = 4; lastKnownFileType = sourcecode.swift; name = NSViewContentMode.swift; path = Enums/NSViewContentMode.swift; sourceTree = "<group>"; };
		05226CE41BC17EAE0039B6DE /* ContentMode.swift */ = {isa = PBXFileReference; fileEncoding = 4; lastKnownFileType = sourcecode.swift; name = ContentMode.swift; path = NSView/ContentMode.swift; sourceTree = "<group>"; };
		05226CE71BC18EE70039B6DE /* Circular.swift */ = {isa = PBXFileReference; fileEncoding = 4; lastKnownFileType = sourcecode.swift; name = Circular.swift; path = Calculations/Circular.swift; sourceTree = "<group>"; };
		05226CEA1BC192EC0039B6DE /* CGRectUnionForSubviews.swift */ = {isa = PBXFileReference; fileEncoding = 4; lastKnownFileType = sourcecode.swift; name = CGRectUnionForSubviews.swift; path = NSView/CGRectUnionForSubviews.swift; sourceTree = "<group>"; };
		05226CEF1BC1A73B0039B6DE /* LayoutSubviews.swift */ = {isa = PBXFileReference; fileEncoding = 4; lastKnownFileType = sourcecode.swift; name = LayoutSubviews.swift; path = NSView/LayoutSubviews.swift; sourceTree = "<group>"; };
		05226CF11BC1A78B0039B6DE /* NSViewLayoutForSubviews.swift */ = {isa = PBXFileReference; fileEncoding = 4; lastKnownFileType = sourcecode.swift; name = NSViewLayoutForSubviews.swift; path = Enums/NSViewLayoutForSubviews.swift; sourceTree = "<group>"; };
/* End PBXFileReference section */

/* Begin PBXFrameworksBuildPhase section */
		05226C931BC0DB5B0039B6DE /* Frameworks */ = {
			isa = PBXFrameworksBuildPhase;
			buildActionMask = 2147483647;
			files = (
			);
			runOnlyForDeploymentPostprocessing = 0;
		};
		05226C9E1BC0DB5B0039B6DE /* Frameworks */ = {
			isa = PBXFrameworksBuildPhase;
			buildActionMask = 2147483647;
			files = (
				05226CA21BC0DB5B0039B6DE /* CGRectExtensionsOSX.framework in Frameworks */,
			);
			runOnlyForDeploymentPostprocessing = 0;
		};
/* End PBXFrameworksBuildPhase section */

/* Begin PBXGroup section */
		05226C8D1BC0DB5B0039B6DE = {
			isa = PBXGroup;
			children = (
				05226C991BC0DB5B0039B6DE /* CGRectExtensionsOSX */,
				05226CA51BC0DB5B0039B6DE /* CGRectExtensionsOSXTests */,
				05226C981BC0DB5B0039B6DE /* Products */,
			);
			sourceTree = "<group>";
		};
		05226C981BC0DB5B0039B6DE /* Products */ = {
			isa = PBXGroup;
			children = (
				05226C971BC0DB5B0039B6DE /* CGRectExtensionsOSX.framework */,
				05226CA11BC0DB5B0039B6DE /* CGRectExtensionsOSXTests.xctest */,
			);
			name = Products;
			sourceTree = "<group>";
		};
		05226C991BC0DB5B0039B6DE /* CGRectExtensionsOSX */ = {
			isa = PBXGroup;
			children = (
				05226CE21BC17E660039B6DE /* CGSizeExtensions */,
				05226CE11BC17E530039B6DE /* CGRectExtensions */,
				05226CE01BC17E440039B6DE /* NSViewExtensions */,
				05226C9A1BC0DB5B0039B6DE /* CGRectExtensionsOSX.h */,
				05226C9C1BC0DB5B0039B6DE /* Info.plist */,
			);
			path = CGRectExtensionsOSX;
			sourceTree = "<group>";
		};
		05226CA51BC0DB5B0039B6DE /* CGRectExtensionsOSXTests */ = {
			isa = PBXGroup;
			children = (
				05226CA61BC0DB5B0039B6DE /* CGRectExtensionsOSXTests.swift */,
				05226CA81BC0DB5B0039B6DE /* Info.plist */,
			);
			path = CGRectExtensionsOSXTests;
			sourceTree = "<group>";
		};
		05226CD71BC0DBD60039B6DE /* Transformations */ = {
			isa = PBXGroup;
			children = (
				05226CD91BC0DD5C0039B6DE /* Expand.swift */,
				05226CDB1BC17A8F0039B6DE /* FittAndFill.swift */,
			);
			name = Transformations;
			sourceTree = "<group>";
		};
		05226CDF1BC17D740039B6DE /* Enums */ = {
			isa = PBXGroup;
			children = (
				05226CDD1BC17C870039B6DE /* NSViewContentMode.swift */,
				05226CF11BC1A78B0039B6DE /* NSViewLayoutForSubviews.swift */,
			);
			name = Enums;
			sourceTree = "<group>";
		};
		05226CE01BC17E440039B6DE /* NSViewExtensions */ = {
			isa = PBXGroup;
			children = (
				05226CEE1BC1A72A0039B6DE /* Layout */,
				05226CE91BC192C80039B6DE /* CGRectUnionForSubviews */,
				05226CE31BC17E910039B6DE /* ContentMode */,
				05226CDF1BC17D740039B6DE /* Enums */,
			);
			name = NSViewExtensions;
			sourceTree = "<group>";
		};
		05226CE11BC17E530039B6DE /* CGRectExtensions */ = {
			isa = PBXGroup;
			children = (
				05226CE61BC18EC90039B6DE /* Calculations */,
				05226CD71BC0DBD60039B6DE /* Transformations */,
			);
			name = CGRectExtensions;
			sourceTree = "<group>";
		};
		05226CE21BC17E660039B6DE /* CGSizeExtensions */ = {
			isa = PBXGroup;
			children = (
			);
			name = CGSizeExtensions;
			sourceTree = "<group>";
		};
		05226CE31BC17E910039B6DE /* ContentMode */ = {
			isa = PBXGroup;
			children = (
				05226CE41BC17EAE0039B6DE /* ContentMode.swift */,
			);
			name = ContentMode;
			sourceTree = "<group>";
		};
		05226CE61BC18EC90039B6DE /* Calculations */ = {
			isa = PBXGroup;
			children = (
				05226CE71BC18EE70039B6DE /* Circular.swift */,
			);
			name = Calculations;
			sourceTree = "<group>";
		};
		05226CE91BC192C80039B6DE /* CGRectUnionForSubviews */ = {
			isa = PBXGroup;
			children = (
				05226CEA1BC192EC0039B6DE /* CGRectUnionForSubviews.swift */,
			);
			name = CGRectUnionForSubviews;
			sourceTree = "<group>";
		};
		05226CEE1BC1A72A0039B6DE /* Layout */ = {
			isa = PBXGroup;
			children = (
				05226CEF1BC1A73B0039B6DE /* LayoutSubviews.swift */,
			);
			name = Layout;
			sourceTree = "<group>";
		};
/* End PBXGroup section */

/* Begin PBXHeadersBuildPhase section */
		05226C941BC0DB5B0039B6DE /* Headers */ = {
			isa = PBXHeadersBuildPhase;
			buildActionMask = 2147483647;
			files = (
				05226C9B1BC0DB5B0039B6DE /* CGRectExtensionsOSX.h in Headers */,
			);
			runOnlyForDeploymentPostprocessing = 0;
		};
/* End PBXHeadersBuildPhase section */

/* Begin PBXNativeTarget section */
		05226C961BC0DB5B0039B6DE /* CGRectExtensionsOSX */ = {
			isa = PBXNativeTarget;
			buildConfigurationList = 05226CAB1BC0DB5B0039B6DE /* Build configuration list for PBXNativeTarget "CGRectExtensionsOSX" */;
			buildPhases = (
				05226C921BC0DB5B0039B6DE /* Sources */,
				05226C931BC0DB5B0039B6DE /* Frameworks */,
				05226C941BC0DB5B0039B6DE /* Headers */,
				05226C951BC0DB5B0039B6DE /* Resources */,
			);
			buildRules = (
			);
			dependencies = (
			);
			name = CGRectExtensionsOSX;
			productName = CGRectExtensionsOSX;
			productReference = 05226C971BC0DB5B0039B6DE /* CGRectExtensionsOSX.framework */;
			productType = "com.apple.product-type.framework";
		};
		05226CA01BC0DB5B0039B6DE /* CGRectExtensionsOSXTests */ = {
			isa = PBXNativeTarget;
			buildConfigurationList = 05226CAE1BC0DB5B0039B6DE /* Build configuration list for PBXNativeTarget "CGRectExtensionsOSXTests" */;
			buildPhases = (
				05226C9D1BC0DB5B0039B6DE /* Sources */,
				05226C9E1BC0DB5B0039B6DE /* Frameworks */,
				05226C9F1BC0DB5B0039B6DE /* Resources */,
			);
			buildRules = (
			);
			dependencies = (
				05226CA41BC0DB5B0039B6DE /* PBXTargetDependency */,
			);
			name = CGRectExtensionsOSXTests;
			productName = CGRectExtensionsOSXTests;
			productReference = 05226CA11BC0DB5B0039B6DE /* CGRectExtensionsOSXTests.xctest */;
			productType = "com.apple.product-type.bundle.unit-test";
		};
/* End PBXNativeTarget section */

/* Begin PBXProject section */
		05226C8E1BC0DB5B0039B6DE /* Project object */ = {
			isa = PBXProject;
			attributes = {
				LastUpgradeCheck = 0710;
				ORGANIZATIONNAME = "menke dev";
				TargetAttributes = {
					05226C961BC0DB5B0039B6DE = {
						CreatedOnToolsVersion = 7.1;
					};
					05226CA01BC0DB5B0039B6DE = {
						CreatedOnToolsVersion = 7.1;
					};
				};
			};
			buildConfigurationList = 05226C911BC0DB5B0039B6DE /* Build configuration list for PBXProject "CGRectExtensionsOSX" */;
			compatibilityVersion = "Xcode 3.2";
			developmentRegion = English;
			hasScannedForEncodings = 0;
			knownRegions = (
				en,
			);
			mainGroup = 05226C8D1BC0DB5B0039B6DE;
			productRefGroup = 05226C981BC0DB5B0039B6DE /* Products */;
			projectDirPath = "";
			projectRoot = "";
			targets = (
				05226C961BC0DB5B0039B6DE /* CGRectExtensionsOSX */,
				05226CA01BC0DB5B0039B6DE /* CGRectExtensionsOSXTests */,
			);
		};
/* End PBXProject section */

/* Begin PBXResourcesBuildPhase section */
		05226C951BC0DB5B0039B6DE /* Resources */ = {
			isa = PBXResourcesBuildPhase;
			buildActionMask = 2147483647;
			files = (
			);
			runOnlyForDeploymentPostprocessing = 0;
		};
		05226C9F1BC0DB5B0039B6DE /* Resources */ = {
			isa = PBXResourcesBuildPhase;
			buildActionMask = 2147483647;
			files = (
			);
			runOnlyForDeploymentPostprocessing = 0;
		};
/* End PBXResourcesBuildPhase section */

/* Begin PBXSourcesBuildPhase section */
		05226C921BC0DB5B0039B6DE /* Sources */ = {
			isa = PBXSourcesBuildPhase;
			buildActionMask = 2147483647;
			files = (
				05226CF21BC1A78B0039B6DE /* NSViewLayoutForSubviews.swift in Sources */,
				05226CEB1BC192EC0039B6DE /* CGRectUnionForSubviews.swift in Sources */,
				05226CE51BC17EAE0039B6DE /* ContentMode.swift in Sources */,
				05226CDA1BC0DD5C0039B6DE /* Expand.swift in Sources */,
				05226CF01BC1A73B0039B6DE /* LayoutSubviews.swift in Sources */,
				05226CE81BC18EE70039B6DE /* Circular.swift in Sources */,
				05226CDE1BC17C870039B6DE /* NSViewContentMode.swift in Sources */,
			);
			runOnlyForDeploymentPostprocessing = 0;
		};
		05226C9D1BC0DB5B0039B6DE /* Sources */ = {
			isa = PBXSourcesBuildPhase;
			buildActionMask = 2147483647;
			files = (
				05226CA71BC0DB5B0039B6DE /* CGRectExtensionsOSXTests.swift in Sources */,
			);
			runOnlyForDeploymentPostprocessing = 0;
		};
/* End PBXSourcesBuildPhase section */

/* Begin PBXTargetDependency section */
		05226CA41BC0DB5B0039B6DE /* PBXTargetDependency */ = {
			isa = PBXTargetDependency;
			target = 05226C961BC0DB5B0039B6DE /* CGRectExtensionsOSX */;
			targetProxy = 05226CA31BC0DB5B0039B6DE /* PBXContainerItemProxy */;
		};
/* End PBXTargetDependency section */

/* Begin XCBuildConfiguration section */
		05226CA91BC0DB5B0039B6DE /* Debug */ = {
			isa = XCBuildConfiguration;
			buildSettings = {
				ALWAYS_SEARCH_USER_PATHS = NO;
				CLANG_CXX_LANGUAGE_STANDARD = "gnu++0x";
				CLANG_CXX_LIBRARY = "libc++";
				CLANG_ENABLE_MODULES = YES;
				CLANG_ENABLE_OBJC_ARC = YES;
				CLANG_WARN_BOOL_CONVERSION = YES;
				CLANG_WARN_CONSTANT_CONVERSION = YES;
				CLANG_WARN_DIRECT_OBJC_ISA_USAGE = YES_ERROR;
				CLANG_WARN_EMPTY_BODY = YES;
				CLANG_WARN_ENUM_CONVERSION = YES;
				CLANG_WARN_INT_CONVERSION = YES;
				CLANG_WARN_OBJC_ROOT_CLASS = YES_ERROR;
				CLANG_WARN_UNREACHABLE_CODE = YES;
				CLANG_WARN__DUPLICATE_METHOD_MATCH = YES;
				CODE_SIGN_IDENTITY = "-";
				COPY_PHASE_STRIP = NO;
				CURRENT_PROJECT_VERSION = 1;
				DEBUG_INFORMATION_FORMAT = dwarf;
				ENABLE_STRICT_OBJC_MSGSEND = YES;
				ENABLE_TESTABILITY = YES;
				GCC_C_LANGUAGE_STANDARD = gnu99;
				GCC_DYNAMIC_NO_PIC = NO;
				GCC_NO_COMMON_BLOCKS = YES;
				GCC_OPTIMIZATION_LEVEL = 0;
				GCC_PREPROCESSOR_DEFINITIONS = (
					"DEBUG=1",
					"$(inherited)",
				);
				GCC_WARN_64_TO_32_BIT_CONVERSION = YES;
				GCC_WARN_ABOUT_RETURN_TYPE = YES_ERROR;
				GCC_WARN_UNDECLARED_SELECTOR = YES;
				GCC_WARN_UNINITIALIZED_AUTOS = YES_AGGRESSIVE;
				GCC_WARN_UNUSED_FUNCTION = YES;
				GCC_WARN_UNUSED_VARIABLE = YES;
				MACOSX_DEPLOYMENT_TARGET = 10.11;
				MTL_ENABLE_DEBUG_INFO = YES;
				ONLY_ACTIVE_ARCH = YES;
				SDKROOT = macosx;
				SWIFT_OPTIMIZATION_LEVEL = "-Onone";
				VERSIONING_SYSTEM = "apple-generic";
				VERSION_INFO_PREFIX = "";
			};
			name = Debug;
		};
		05226CAA1BC0DB5B0039B6DE /* Release */ = {
			isa = XCBuildConfiguration;
			buildSettings = {
				ALWAYS_SEARCH_USER_PATHS = NO;
				CLANG_CXX_LANGUAGE_STANDARD = "gnu++0x";
				CLANG_CXX_LIBRARY = "libc++";
				CLANG_ENABLE_MODULES = YES;
				CLANG_ENABLE_OBJC_ARC = YES;
				CLANG_WARN_BOOL_CONVERSION = YES;
				CLANG_WARN_CONSTANT_CONVERSION = YES;
				CLANG_WARN_DIRECT_OBJC_ISA_USAGE = YES_ERROR;
				CLANG_WARN_EMPTY_BODY = YES;
				CLANG_WARN_ENUM_CONVERSION = YES;
				CLANG_WARN_INT_CONVERSION = YES;
				CLANG_WARN_OBJC_ROOT_CLASS = YES_ERROR;
				CLANG_WARN_UNREACHABLE_CODE = YES;
				CLANG_WARN__DUPLICATE_METHOD_MATCH = YES;
				CODE_SIGN_IDENTITY = "-";
				COPY_PHASE_STRIP = NO;
				CURRENT_PROJECT_VERSION = 1;
				DEBUG_INFORMATION_FORMAT = "dwarf-with-dsym";
				ENABLE_NS_ASSERTIONS = NO;
				ENABLE_STRICT_OBJC_MSGSEND = YES;
				GCC_C_LANGUAGE_STANDARD = gnu99;
				GCC_NO_COMMON_BLOCKS = YES;
				GCC_WARN_64_TO_32_BIT_CONVERSION = YES;
				GCC_WARN_ABOUT_RETURN_TYPE = YES_ERROR;
				GCC_WARN_UNDECLARED_SELECTOR = YES;
				GCC_WARN_UNINITIALIZED_AUTOS = YES_AGGRESSIVE;
				GCC_WARN_UNUSED_FUNCTION = YES;
				GCC_WARN_UNUSED_VARIABLE = YES;
				MACOSX_DEPLOYMENT_TARGET = 10.11;
				MTL_ENABLE_DEBUG_INFO = NO;
				SDKROOT = macosx;
				VERSIONING_SYSTEM = "apple-generic";
				VERSION_INFO_PREFIX = "";
			};
			name = Release;
		};
		05226CAC1BC0DB5B0039B6DE /* Debug */ = {
			isa = XCBuildConfiguration;
			buildSettings = {
				CLANG_ENABLE_MODULES = YES;
				COMBINE_HIDPI_IMAGES = YES;
				DEFINES_MODULE = YES;
				DYLIB_COMPATIBILITY_VERSION = 1;
				DYLIB_CURRENT_VERSION = 1;
				DYLIB_INSTALL_NAME_BASE = "@rpath";
				FRAMEWORK_VERSION = A;
				INFOPLIST_FILE = CGRectExtensionsOSX/Info.plist;
				INSTALL_PATH = "$(LOCAL_LIBRARY_DIR)/Frameworks";
				LD_RUNPATH_SEARCH_PATHS = "$(inherited) @executable_path/../Frameworks @loader_path/Frameworks";
				PRODUCT_BUNDLE_IDENTIFIER = "com.menke-dev.CGRectExtensionsOSX";
				PRODUCT_NAME = "$(TARGET_NAME)";
				SKIP_INSTALL = YES;
				SWIFT_OPTIMIZATION_LEVEL = "-Onone";
			};
			name = Debug;
		};
		05226CAD1BC0DB5B0039B6DE /* Release */ = {
			isa = XCBuildConfiguration;
			buildSettings = {
				CLANG_ENABLE_MODULES = YES;
				COMBINE_HIDPI_IMAGES = YES;
				DEFINES_MODULE = YES;
				DYLIB_COMPATIBILITY_VERSION = 1;
				DYLIB_CURRENT_VERSION = 1;
				DYLIB_INSTALL_NAME_BASE = "@rpath";
				FRAMEWORK_VERSION = A;
				INFOPLIST_FILE = CGRectExtensionsOSX/Info.plist;
				INSTALL_PATH = "$(LOCAL_LIBRARY_DIR)/Frameworks";
				LD_RUNPATH_SEARCH_PATHS = "$(inherited) @executable_path/../Frameworks @loader_path/Frameworks";
				PRODUCT_BUNDLE_IDENTIFIER = "com.menke-dev.CGRectExtensionsOSX";
				PRODUCT_NAME = "$(TARGET_NAME)";
				SKIP_INSTALL = YES;
			};
			name = Release;
		};
		05226CAF1BC0DB5B0039B6DE /* Debug */ = {
			isa = XCBuildConfiguration;
			buildSettings = {
				COMBINE_HIDPI_IMAGES = YES;
				INFOPLIST_FILE = CGRectExtensionsOSXTests/Info.plist;
				LD_RUNPATH_SEARCH_PATHS = "$(inherited) @executable_path/../Frameworks @loader_path/../Frameworks";
				PRODUCT_BUNDLE_IDENTIFIER = "com.menke-dev.CGRectExtensionsOSXTests";
				PRODUCT_NAME = "$(TARGET_NAME)";
			};
			name = Debug;
		};
		05226CB01BC0DB5B0039B6DE /* Release */ = {
			isa = XCBuildConfiguration;
			buildSettings = {
				COMBINE_HIDPI_IMAGES = YES;
				INFOPLIST_FILE = CGRectExtensionsOSXTests/Info.plist;
				LD_RUNPATH_SEARCH_PATHS = "$(inherited) @executable_path/../Frameworks @loader_path/../Frameworks";
				PRODUCT_BUNDLE_IDENTIFIER = "com.menke-dev.CGRectExtensionsOSXTests";
				PRODUCT_NAME = "$(TARGET_NAME)";
			};
			name = Release;
		};
/* End XCBuildConfiguration section */

/* Begin XCConfigurationList section */
		05226C911BC0DB5B0039B6DE /* Build configuration list for PBXProject "CGRectExtensionsOSX" */ = {
			isa = XCConfigurationList;
			buildConfigurations = (
				05226CA91BC0DB5B0039B6DE /* Debug */,
				05226CAA1BC0DB5B0039B6DE /* Release */,
			);
			defaultConfigurationIsVisible = 0;
			defaultConfigurationName = Release;
		};
		05226CAB1BC0DB5B0039B6DE /* Build configuration list for PBXNativeTarget "CGRectExtensionsOSX" */ = {
			isa = XCConfigurationList;
			buildConfigurations = (
				05226CAC1BC0DB5B0039B6DE /* Debug */,
				05226CAD1BC0DB5B0039B6DE /* Release */,
			);
			defaultConfigurationIsVisible = 0;
		};
		05226CAE1BC0DB5B0039B6DE /* Build configuration list for PBXNativeTarget "CGRectExtensionsOSXTests" */ = {
			isa = XCConfigurationList;
			buildConfigurations = (
				05226CAF1BC0DB5B0039B6DE /* Debug */,
				05226CB01BC0DB5B0039B6DE /* Release */,
			);
			defaultConfigurationIsVisible = 0;
		};
/* End XCConfigurationList section */
	};
	rootObject = 05226C8E1BC0DB5B0039B6DE /* Project object */;
}
